PODS:
  - FBSnapshotTestCase (2.1.4):
    - FBSnapshotTestCase/SwiftSupport (= 2.1.4)
  - FBSnapshotTestCase/Core (2.1.4)
  - FBSnapshotTestCase/SwiftSupport (2.1.4):
    - FBSnapshotTestCase/Core
  - SomeSupport (2.0.0)

DEPENDENCIES:
  - FBSnapshotTestCase
  - SomeSupport (from `../`)

SPEC REPOS:
  trunk:
    - FBSnapshotTestCase

EXTERNAL SOURCES:
  SomeSupport:
    :path: "../"

SPEC CHECKSUMS:
  FBSnapshotTestCase: 094f9f314decbabe373b87cc339bea235a63e07a
  SomeSupport: b3bda24038fb7aab6e63448d017459653e9fa276

PODFILE CHECKSUM: d3dd00e7357397358897e708617869b507d4e4c9

COCOAPODS: 1.11.3
